
Microsoft Visual Studio Solution File, Format Version 12.00
# Visual Studio Version 17
VisualStudioVersion = 17.0.32112.339
MinimumVisualStudioVersion = 10.0.40219.1
Project("{9A19103F-16F7-4668-BE54-9A1E7A4F7556}") = "FactoryMethod", "FactoryMethod\FactoryMethod.csproj", "{1FE21580-05AD-4E2A-A474-B143CC7F2FE8}"
EndProject
Project("{9A19103F-16F7-4668-BE54-9A1E7A4F7556}") = "FactoryMethod2", "FactoryMethod2\FactoryMethod2.csproj", "{C50FB963-2831-4D5A-9F0C-EA947C425888}"
EndProject
Project("{2150E333-8FDC-42A3-9474-1A3956D46DE8}") = "1 Factory Method", "1 Factory Method", "{ABDDDD2B-C216-47C3-A7B3-CA1D6926A02B}"
EndProject
Project("{2150E333-8FDC-42A3-9474-1A3956D46DE8}") = "2 Abstract Factory", "2 Abstract Factory", "{0BEC9999-7330-4B97-91F4-115E6D681D88}"
EndProject
Project("{9A19103F-16F7-4668-BE54-9A1E7A4F7556}") = "AbstractFactory", "AbstractFactory\AbstractFactory.csproj", "{FAA1456B-42D9-45DD-BE42-94AACDAF42AD}"
EndProject
Project("{9A19103F-16F7-4668-BE54-9A1E7A4F7556}") = "AbstractFactory2", "AbstractFactory2\AbstractFactory2.csproj", "{0DB4C7E8-F5E4-4B72-9243-61814ABF045B}"
EndProject
Project("{2150E333-8FDC-42A3-9474-1A3956D46DE8}") = "3 Builder", "3 Builder", "{0A87FA60-586F-4A37-B5CC-36998F7F6DCA}"
EndProject
Project("{9A19103F-16F7-4668-BE54-9A1E7A4F7556}") = "Builder", "Builder\Builder.csproj", "{6C5BAA8D-CDFC-4091-B306-08A5C3A48C81}"
EndProject
Project("{2150E333-8FDC-42A3-9474-1A3956D46DE8}") = "4 Prototype", "4 Prototype", "{94E35156-1570-4F4A-B622-839DCC41270C}"
EndProject
Project("{9A19103F-16F7-4668-BE54-9A1E7A4F7556}") = "Prototype", "Prototype\Prototype.csproj", "{83962C85-AC3D-4A45-BAC0-258B2D4EAC33}"
EndProject
Project("{2150E333-8FDC-42A3-9474-1A3956D46DE8}") = "5 Singleton", "5 Singleton", "{6E83CACC-D19E-4A97-8A70-4E59F766CE79}"
EndProject
Project("{9A19103F-16F7-4668-BE54-9A1E7A4F7556}") = "Singleton", "Singleton\Singleton.csproj", "{3B93984D-18C5-453B-9F08-572543C80EA0}"
EndProject
Project("{2150E333-8FDC-42A3-9474-1A3956D46DE8}") = "6 Facade", "6 Facade", "{2F1186BF-F7CA-4D33-9CBE-695AC4BFB740}"
EndProject
Project("{9A19103F-16F7-4668-BE54-9A1E7A4F7556}") = "Facade", "Facade\Facade.csproj", "{63DEA18A-1434-4E0F-85FB-0CF726F9EF47}"
EndProject
Project("{2150E333-8FDC-42A3-9474-1A3956D46DE8}") = "Solution Items", "Solution Items", "{10940B09-207D-450F-A823-4EE6BE218F5A}"
	ProjectSection(SolutionItems) = preProject
		.travis.yml = .travis.yml
	EndProjectSection
EndProject
Project("{2150E333-8FDC-42A3-9474-1A3956D46DE8}") = "7 Bridge", "7 Bridge", "{D0B3FEC6-9D10-4F06-A2A4-A422D5700437}"
EndProject
Project("{9A19103F-16F7-4668-BE54-9A1E7A4F7556}") = "Bridge", "Bridge\Bridge.csproj", "{7DEA4010-D5EB-4BD9-B175-551493DE2449}"
EndProject
Project("{2150E333-8FDC-42A3-9474-1A3956D46DE8}") = "8 Adapter", "8 Adapter", "{E8EFA1F5-0333-4088-8146-043DCB24473F}"
EndProject
Project("{FAE04EC0-301F-11D3-BF4B-00C04F79EFBC}") = "ObjectAdapter", "ObjectAdapter\ObjectAdapter.csproj", "{E94C4031-7B70-4A3B-812D-587E328EF2C3}"
EndProject
Project("{FAE04EC0-301F-11D3-BF4B-00C04F79EFBC}") = "ClassAdapter", "ClassAdapter\ClassAdapter.csproj", "{CF381BBC-B4A6-4284-B2FF-CB65DEA4BF02}"
EndProject
Global
	GlobalSection(SolutionConfigurationPlatforms) = preSolution
		Debug|Any CPU = Debug|Any CPU
		Release|Any CPU = Release|Any CPU
	EndGlobalSection
	GlobalSection(ProjectConfigurationPlatforms) = postSolution
		{1FE21580-05AD-4E2A-A474-B143CC7F2FE8}.Debug|Any CPU.ActiveCfg = Debug|Any CPU
		{1FE21580-05AD-4E2A-A474-B143CC7F2FE8}.Debug|Any CPU.Build.0 = Debug|Any CPU
		{1FE21580-05AD-4E2A-A474-B143CC7F2FE8}.Release|Any CPU.ActiveCfg = Release|Any CPU
		{1FE21580-05AD-4E2A-A474-B143CC7F2FE8}.Release|Any CPU.Build.0 = Release|Any CPU
		{C50FB963-2831-4D5A-9F0C-EA947C425888}.Debug|Any CPU.ActiveCfg = Debug|Any CPU
		{C50FB963-2831-4D5A-9F0C-EA947C425888}.Debug|Any CPU.Build.0 = Debug|Any CPU
		{C50FB963-2831-4D5A-9F0C-EA947C425888}.Release|Any CPU.ActiveCfg = Release|Any CPU
		{C50FB963-2831-4D5A-9F0C-EA947C425888}.Release|Any CPU.Build.0 = Release|Any CPU
		{FAA1456B-42D9-45DD-BE42-94AACDAF42AD}.Debug|Any CPU.ActiveCfg = Debug|Any CPU
		{FAA1456B-42D9-45DD-BE42-94AACDAF42AD}.Debug|Any CPU.Build.0 = Debug|Any CPU
		{FAA1456B-42D9-45DD-BE42-94AACDAF42AD}.Release|Any CPU.ActiveCfg = Release|Any CPU
		{FAA1456B-42D9-45DD-BE42-94AACDAF42AD}.Release|Any CPU.Build.0 = Release|Any CPU
		{0DB4C7E8-F5E4-4B72-9243-61814ABF045B}.Debug|Any CPU.ActiveCfg = Debug|Any CPU
		{0DB4C7E8-F5E4-4B72-9243-61814ABF045B}.Debug|Any CPU.Build.0 = Debug|Any CPU
		{0DB4C7E8-F5E4-4B72-9243-61814ABF045B}.Release|Any CPU.ActiveCfg = Release|Any CPU
		{0DB4C7E8-F5E4-4B72-9243-61814ABF045B}.Release|Any CPU.Build.0 = Release|Any CPU
		{6C5BAA8D-CDFC-4091-B306-08A5C3A48C81}.Debug|Any CPU.ActiveCfg = Debug|Any CPU
		{6C5BAA8D-CDFC-4091-B306-08A5C3A48C81}.Debug|Any CPU.Build.0 = Debug|Any CPU
		{6C5BAA8D-CDFC-4091-B306-08A5C3A48C81}.Release|Any CPU.ActiveCfg = Release|Any CPU
		{6C5BAA8D-CDFC-4091-B306-08A5C3A48C81}.Release|Any CPU.Build.0 = Release|Any CPU
		{83962C85-AC3D-4A45-BAC0-258B2D4EAC33}.Debug|Any CPU.ActiveCfg = Debug|Any CPU
		{83962C85-AC3D-4A45-BAC0-258B2D4EAC33}.Debug|Any CPU.Build.0 = Debug|Any CPU
		{83962C85-AC3D-4A45-BAC0-258B2D4EAC33}.Release|Any CPU.ActiveCfg = Release|Any CPU
		{83962C85-AC3D-4A45-BAC0-258B2D4EAC33}.Release|Any CPU.Build.0 = Release|Any CPU
		{3B93984D-18C5-453B-9F08-572543C80EA0}.Debug|Any CPU.ActiveCfg = Debug|Any CPU
		{3B93984D-18C5-453B-9F08-572543C80EA0}.Debug|Any CPU.Build.0 = Debug|Any CPU
		{3B93984D-18C5-453B-9F08-572543C80EA0}.Release|Any CPU.ActiveCfg = Release|Any CPU
		{3B93984D-18C5-453B-9F08-572543C80EA0}.Release|Any CPU.Build.0 = Release|Any CPU
		{63DEA18A-1434-4E0F-85FB-0CF726F9EF47}.Debug|Any CPU.ActiveCfg = Debug|Any CPU
		{63DEA18A-1434-4E0F-85FB-0CF726F9EF47}.Debug|Any CPU.Build.0 = Debug|Any CPU
		{63DEA18A-1434-4E0F-85FB-0CF726F9EF47}.Release|Any CPU.ActiveCfg = Release|Any CPU
		{63DEA18A-1434-4E0F-85FB-0CF726F9EF47}.Release|Any CPU.Build.0 = Release|Any CPU
		{7DEA4010-D5EB-4BD9-B175-551493DE2449}.Debug|Any CPU.ActiveCfg = Debug|Any CPU
		{7DEA4010-D5EB-4BD9-B175-551493DE2449}.Debug|Any CPU.Build.0 = Debug|Any CPU
		{7DEA4010-D5EB-4BD9-B175-551493DE2449}.Release|Any CPU.ActiveCfg = Release|Any CPU
		{7DEA4010-D5EB-4BD9-B175-551493DE2449}.Release|Any CPU.Build.0 = Release|Any CPU
		{E94C4031-7B70-4A3B-812D-587E328EF2C3}.Debug|Any CPU.ActiveCfg = Debug|Any CPU
		{E94C4031-7B70-4A3B-812D-587E328EF2C3}.Debug|Any CPU.Build.0 = Debug|Any CPU
		{E94C4031-7B70-4A3B-812D-587E328EF2C3}.Release|Any CPU.ActiveCfg = Release|Any CPU
		{E94C4031-7B70-4A3B-812D-587E328EF2C3}.Release|Any CPU.Build.0 = Release|Any CPU
		{CF381BBC-B4A6-4284-B2FF-CB65DEA4BF02}.Debug|Any CPU.ActiveCfg = Debug|Any CPU
		{CF381BBC-B4A6-4284-B2FF-CB65DEA4BF02}.Debug|Any CPU.Build.0 = Debug|Any CPU
		{CF381BBC-B4A6-4284-B2FF-CB65DEA4BF02}.Release|Any CPU.ActiveCfg = Release|Any CPU
		{CF381BBC-B4A6-4284-B2FF-CB65DEA4BF02}.Release|Any CPU.Build.0 = Release|Any CPU
	EndGlobalSection
	GlobalSection(SolutionProperties) = preSolution
		HideSolutionNode = FALSE
	EndGlobalSection
	GlobalSection(NestedProjects) = preSolution
		{1FE21580-05AD-4E2A-A474-B143CC7F2FE8} = {ABDDDD2B-C216-47C3-A7B3-CA1D6926A02B}
		{C50FB963-2831-4D5A-9F0C-EA947C425888} = {ABDDDD2B-C216-47C3-A7B3-CA1D6926A02B}
		{FAA1456B-42D9-45DD-BE42-94AACDAF42AD} = {0BEC9999-7330-4B97-91F4-115E6D681D88}
		{0DB4C7E8-F5E4-4B72-9243-61814ABF045B} = {0BEC9999-7330-4B97-91F4-115E6D681D88}
		{6C5BAA8D-CDFC-4091-B306-08A5C3A48C81} = {0A87FA60-586F-4A37-B5CC-36998F7F6DCA}
		{83962C85-AC3D-4A45-BAC0-258B2D4EAC33} = {94E35156-1570-4F4A-B622-839DCC41270C}
		{3B93984D-18C5-453B-9F08-572543C80EA0} = {6E83CACC-D19E-4A97-8A70-4E59F766CE79}
		{63DEA18A-1434-4E0F-85FB-0CF726F9EF47} = {2F1186BF-F7CA-4D33-9CBE-695AC4BFB740}
		{7DEA4010-D5EB-4BD9-B175-551493DE2449} = {D0B3FEC6-9D10-4F06-A2A4-A422D5700437}
		{E94C4031-7B70-4A3B-812D-587E328EF2C3} = {E8EFA1F5-0333-4088-8146-043DCB24473F}
		{CF381BBC-B4A6-4284-B2FF-CB65DEA4BF02} = {E8EFA1F5-0333-4088-8146-043DCB24473F}
	EndGlobalSection
	GlobalSection(ExtensibilityGlobals) = postSolution
		SolutionGuid = {1EE24D54-4A34-405F-A335-B9AC62577839}
	EndGlobalSection
EndGlobal
